{
  "name": "aoc-2020",
  "version": "1.0.0",
  "lockfileVersion": 2,
  "requires": true,
  "packages": {
    "": {
      "name": "aoc-2020",
      "version": "1.0.0",
      "license": "MIT",
      "dependencies": {
        "heap": "0.2.7",
        "js-combinatorics": "1.4.5",
        "jsep": "0.3.5",
        "lodash": "^4.17.20",
        "node-dijkstra": "2.5.0"
      }
    },
    "node_modules/heap": {
      "version": "0.2.7",
      "resolved": "https://registry.npmjs.org/heap/-/heap-0.2.7.tgz",
      "integrity": "sha512-2bsegYkkHO+h/9MGbn6KWcE45cHZgPANo5LXF7EvWdT0yT2EguSVO1nDgU5c8+ZOPwp2vMNa7YFsJhVcDR9Sdg=="
    },
    "node_modules/js-combinatorics": {
      "version": "1.4.5",
      "resolved": "https://registry.npmjs.org/js-combinatorics/-/js-combinatorics-1.4.5.tgz",
      "integrity": "sha512-lIBPgsZnIK5S8kCyTUY4L34Kq5YXj2LXyk9WJDPsK6iklV96+ZahxIsgHtXcwHhG9XZhqrS1EbnaEkUh5gyXdg=="
    },
    "node_modules/jsep": {
      "version": "0.3.5",
      "resolved": "https://registry.npmjs.org/jsep/-/jsep-0.3.5.tgz",
      "integrity": "sha512-AoRLBDc6JNnKjNcmonituEABS5bcfqDhQAWWXNTFrqu6nVXBpBAGfcoTGZMFlIrh9FjmE1CQyX9CTNwZrXMMDA==",
      "engines": {
        "node": ">= 6.0.0"
      }
    },
    "node_modules/lodash": {
      "version": "4.17.21",
      "resolved": "https://registry.npmjs.org/lodash/-/lodash-4.17.21.tgz",
      "integrity": "sha512-v2kDEe57lecTulaDIuNTPy3Ry4gLGJ6Z1O3vE1krgXZNrsQ+LFTGHVxVjcXPs17LhbZVGedAJv8XZ1tvj5FvSg=="
    },
    "node_modules/node-dijkstra": {
      "version": "2.5.0",
      "resolved": "https://registry.npmjs.org/node-dijkstra/-/node-dijkstra-2.5.0.tgz",
      "integrity": "sha1-D+t2xaBfNbVueG3m300zZK8o1Og="
    }
  },
  "dependencies": {
    "heap": {
      "version": "0.2.7",
      "resolved": "https://registry.npmjs.org/heap/-/heap-0.2.7.tgz",
      "integrity": "sha512-2bsegYkkHO+h/9MGbn6KWcE45cHZgPANo5LXF7EvWdT0yT2EguSVO1nDgU5c8+ZOPwp2vMNa7YFsJhVcDR9Sdg=="
    },
    "js-combinatorics": {
      "version": "1.4.5",
      "resolved": "https://registry.npmjs.org/js-combinatorics/-/js-combinatorics-1.4.5.tgz",
      "integrity": "sha512-lIBPgsZnIK5S8kCyTUY4L34Kq5YXj2LXyk9WJDPsK6iklV96+ZahxIsgHtXcwHhG9XZhqrS1EbnaEkUh5gyXdg=="
    },
    "jsep": {
      "version": "0.3.5",
      "resolved": "https://registry.npmjs.org/jsep/-/jsep-0.3.5.tgz",
      "integrity": "sha512-AoRLBDc6JNnKjNcmonituEABS5bcfqDhQAWWXNTFrqu6nVXBpBAGfcoTGZMFlIrh9FjmE1CQyX9CTNwZrXMMDA=="
    },
    "lodash": {
      "version": "4.17.21",
      "resolved": "https://registry.npmjs.org/lodash/-/lodash-4.17.21.tgz",
      "integrity": "sha512-v2kDEe57lecTulaDIuNTPy3Ry4gLGJ6Z1O3vE1krgXZNrsQ+LFTGHVxVjcXPs17LhbZVGedAJv8XZ1tvj5FvSg=="
    },
    "node-dijkstra": {
      "version": "2.5.0",
      "resolved": "https://registry.npmjs.org/node-dijkstra/-/node-dijkstra-2.5.0.tgz",
      "integrity": "sha1-D+t2xaBfNbVueG3m300zZK8o1Og="
    }
  }
}
