{
  "name": "aoc-2020",
  "version": "1.0.0",
  "lockfileVersion": 2,
  "requires": true,
  "packages": {
    "": {
      "version": "1.0.0",
      "license": "MIT",
      "dependencies": {
        "bitset": "5.1.1",
        "js-combinatorics": "1.4.5",
        "lodash": "^4.17.20"
      }
    },
    "node_modules/bitset": {
      "version": "5.1.1",
      "resolved": "https://registry.npmjs.org/bitset/-/bitset-5.1.1.tgz",
      "integrity": "sha512-oKaRp6mzXedJ1Npo86PKhWfDelI6HxxJo+it9nAcBB0HLVvYVp+5i6yj6DT5hfFgo+TS5T57MRWtw8zhwdTs3g==",
      "engines": {
        "node": "*"
      }
    },
    "node_modules/js-combinatorics": {
      "version": "1.4.5",
      "resolved": "https://registry.npmjs.org/js-combinatorics/-/js-combinatorics-1.4.5.tgz",
      "integrity": "sha512-lIBPgsZnIK5S8kCyTUY4L34Kq5YXj2LXyk9WJDPsK6iklV96+ZahxIsgHtXcwHhG9XZhqrS1EbnaEkUh5gyXdg=="
    },
    "node_modules/lodash": {
      "version": "4.17.20",
      "resolved": "https://registry.yarnpkg.com/lodash/-/lodash-4.17.20.tgz",
      "integrity": "sha512-PlhdFcillOINfeV7Ni6oF1TAEayyZBoZ8bcshTHqOYJYlrqzRK5hagpagky5o4HfCzzd1TRkXPMFq6cKk9rGmA==",
      "license": "MIT"
    }
  },
  "dependencies": {
    "bitset": {
      "version": "5.1.1",
      "resolved": "https://registry.npmjs.org/bitset/-/bitset-5.1.1.tgz",
      "integrity": "sha512-oKaRp6mzXedJ1Npo86PKhWfDelI6HxxJo+it9nAcBB0HLVvYVp+5i6yj6DT5hfFgo+TS5T57MRWtw8zhwdTs3g=="
    },
    "js-combinatorics": {
      "version": "1.4.5",
      "resolved": "https://registry.npmjs.org/js-combinatorics/-/js-combinatorics-1.4.5.tgz",
      "integrity": "sha512-lIBPgsZnIK5S8kCyTUY4L34Kq5YXj2LXyk9WJDPsK6iklV96+ZahxIsgHtXcwHhG9XZhqrS1EbnaEkUh5gyXdg=="
    },
    "lodash": {
      "version": "4.17.20",
      "resolved": "https://registry.yarnpkg.com/lodash/-/lodash-4.17.20.tgz",
      "integrity": "sha512-PlhdFcillOINfeV7Ni6oF1TAEayyZBoZ8bcshTHqOYJYlrqzRK5hagpagky5o4HfCzzd1TRkXPMFq6cKk9rGmA=="
    }
  }
}
